{
  "version": 4,
  "terraform_version": "1.7.4",
  "serial": 176,
  "lineage": "3f9529d6-e4a2-4488-3965-075ed1144895",
  "outputs": {},
  "resources": [
    {
      "mode": "managed",
      "type": "aws_iam_user",
      "name": "s3_bucket",
      "provider": "provider[\"registry.terraform.io/hashicorp/aws\"]",
      "instances": [
        {
          "schema_version": 0,
          "attributes": {
            "arn": "arn:aws:iam::034053322462:user/prod-media-bucket",
            "force_destroy": false,
            "id": "prod-media-bucket",
            "name": "prod-media-bucket",
            "path": "/",
            "permissions_boundary": "",
            "tags": null,
            "tags_all": {},
            "unique_id": "AIDAQP3N4O3PAOHVXTKHM"
          },
          "sensitive_attributes": [],
          "private": "bnVsbA=="
        }
      ]
    }
  ],
  "check_results": null
}
